
Microsoft Visual Studio Solution File, Format Version 12.00
# Visual Studio Version 16
VisualStudioVersion = 16.0.29020.237
MinimumVisualStudioVersion = 10.0.40219.1
Project("{9A19103F-16F7-4668-BE54-9A1E7A4F7556}") = "Bak.ThirdPlatforms.Domain", "src\Bak.ThirdPlatforms.Domain\Bak.ThirdPlatforms.Domain.csproj", "{554AD327-6DBA-4F8F-96F8-81CE7A0C863F}"
EndProject
Project("{9A19103F-16F7-4668-BE54-9A1E7A4F7556}") = "Bak.ThirdPlatforms.Application", "src\Bak.ThirdPlatforms.Application\Bak.ThirdPlatforms.Application.csproj", "{1A94A50E-06DC-43C1-80B5-B662820EC3EB}"
EndProject
Project("{9A19103F-16F7-4668-BE54-9A1E7A4F7556}") = "Bak.ThirdPlatforms.EntityFrameworkCore", "src\Bak.ThirdPlatforms.EntityFrameworkCore\Bak.ThirdPlatforms.EntityFrameworkCore.csproj", "{C956DD76-69C8-4A9C-83EA-D17DF83340FD}"
EndProject
Project("{2150E333-8FDC-42A3-9474-1A3956D46DE8}") = "src", "src", "{CA9AC87F-097E-4F15-8393-4BC07735A5B0}"
EndProject
Project("{9A19103F-16F7-4668-BE54-9A1E7A4F7556}") = "Bak.ThirdPlatforms.EntityFrameworkCore.DbMigrations", "src\Bak.ThirdPlatforms.EntityFrameworkCore.DbMigrations\Bak.ThirdPlatforms.EntityFrameworkCore.DbMigrations.csproj", "{0372FA84-C517-4EB3-9A9F-B9ACAC0CA5E0}"
EndProject
Project("{9A19103F-16F7-4668-BE54-9A1E7A4F7556}") = "Bak.ThirdPlatforms.Domain.Shared", "src\Bak.ThirdPlatforms.Domain.Shared\Bak.ThirdPlatforms.Domain.Shared.csproj", "{42F719ED-8413-4895-B5B4-5AB56079BC66}"
EndProject
Project("{9A19103F-16F7-4668-BE54-9A1E7A4F7556}") = "Bak.ThirdPlatforms.HttpApi", "src\Bak.ThirdPlatforms.HttpApi\Bak.ThirdPlatforms.HttpApi.csproj", "{4164BDF7-F527-4E85-9CE6-E3C2D7426A27}"
EndProject
Project("{9A19103F-16F7-4668-BE54-9A1E7A4F7556}") = "Bak.ThirdPlatforms.HttpApi.Host", "src\Bak.ThirdPlatforms.HttpApi.Host\Bak.ThirdPlatforms.HttpApi.Host.csproj", "{748584B1-BA69-4F6A-81AA-F4BDE6BCE29D}"
EndProject
Project("{9A19103F-16F7-4668-BE54-9A1E7A4F7556}") = "Bak.ThirdPlatforms.Application.Caching", "src\Bak.ThirdPlatforms.Application.Caching\Bak.ThirdPlatforms.Application.Caching.csproj", "{057F3376-AB3C-412B-9C60-FA8A5E90C797}"
EndProject
Project("{9A19103F-16F7-4668-BE54-9A1E7A4F7556}") = "Bak.ThirdPlatforms.Application.EventBus", "src\Bak.ThirdPlatforms.Application.EventBus\Bak.ThirdPlatforms.Application.EventBus.csproj", "{C4970820-88A5-41CD-96C0-8998B5CEC0CA}"
EndProject
Project("{9A19103F-16F7-4668-BE54-9A1E7A4F7556}") = "Bak.ThirdPlatforms.BackgroundJobs", "src\Bak.ThirdPlatforms.BackgroundJobs\Bak.ThirdPlatforms.BackgroundJobs.csproj", "{8A87ACFC-F78F-4A2F-A902-D0DA77429F7B}"
EndProject
Project("{9A19103F-16F7-4668-BE54-9A1E7A4F7556}") = "Bak.ThirdPlatforms.Swagger", "src\Bak.ThirdPlatforms.Swagger\Bak.ThirdPlatforms.Swagger.csproj", "{BA97A57C-E152-45CD-9042-E7629AD0DE27}"
EndProject
Project("{9A19103F-16F7-4668-BE54-9A1E7A4F7556}") = "Bak.ThirdPlatforms.Common", "src\Bak.ThirdPlatforms.Common\Bak.ThirdPlatforms.Common.csproj", "{4C116DB0-703F-4DBD-B5E3-F1DACAA5A634}"
EndProject
Project("{9A19103F-16F7-4668-BE54-9A1E7A4F7556}") = "Bak.ThirdPlatforms.Application.Contracts", "src\Bak.ThirdPlatforms.Application.Contracts\Bak.ThirdPlatforms.Application.Contracts.csproj", "{298F018B-3884-45BC-937A-C3F0B85D4A21}"
EndProject
Project("{FAE04EC0-301F-11D3-BF4B-00C04F79EFBC}") = "Bak.ThirdPlatforms.Web", "src\Bak.ThirdPlatforms.Web\Bak.ThirdPlatforms.Web.csproj", "{77DA47A6-AFBA-4382-BB73-BE180523188F}"
EndProject
Global
	GlobalSection(SolutionConfigurationPlatforms) = preSolution
		Debug|Any CPU = Debug|Any CPU
		Release|Any CPU = Release|Any CPU
	EndGlobalSection
	GlobalSection(ProjectConfigurationPlatforms) = postSolution
		{554AD327-6DBA-4F8F-96F8-81CE7A0C863F}.Debug|Any CPU.ActiveCfg = Debug|Any CPU
		{554AD327-6DBA-4F8F-96F8-81CE7A0C863F}.Debug|Any CPU.Build.0 = Debug|Any CPU
		{554AD327-6DBA-4F8F-96F8-81CE7A0C863F}.Release|Any CPU.ActiveCfg = Release|Any CPU
		{554AD327-6DBA-4F8F-96F8-81CE7A0C863F}.Release|Any CPU.Build.0 = Release|Any CPU
		{1A94A50E-06DC-43C1-80B5-B662820EC3EB}.Debug|Any CPU.ActiveCfg = Debug|Any CPU
		{1A94A50E-06DC-43C1-80B5-B662820EC3EB}.Debug|Any CPU.Build.0 = Debug|Any CPU
		{1A94A50E-06DC-43C1-80B5-B662820EC3EB}.Release|Any CPU.ActiveCfg = Release|Any CPU
		{1A94A50E-06DC-43C1-80B5-B662820EC3EB}.Release|Any CPU.Build.0 = Release|Any CPU
		{C956DD76-69C8-4A9C-83EA-D17DF83340FD}.Debug|Any CPU.ActiveCfg = Debug|Any CPU
		{C956DD76-69C8-4A9C-83EA-D17DF83340FD}.Debug|Any CPU.Build.0 = Debug|Any CPU
		{C956DD76-69C8-4A9C-83EA-D17DF83340FD}.Release|Any CPU.ActiveCfg = Release|Any CPU
		{C956DD76-69C8-4A9C-83EA-D17DF83340FD}.Release|Any CPU.Build.0 = Release|Any CPU
		{0372FA84-C517-4EB3-9A9F-B9ACAC0CA5E0}.Debug|Any CPU.ActiveCfg = Debug|Any CPU
		{0372FA84-C517-4EB3-9A9F-B9ACAC0CA5E0}.Debug|Any CPU.Build.0 = Debug|Any CPU
		{0372FA84-C517-4EB3-9A9F-B9ACAC0CA5E0}.Release|Any CPU.ActiveCfg = Release|Any CPU
		{0372FA84-C517-4EB3-9A9F-B9ACAC0CA5E0}.Release|Any CPU.Build.0 = Release|Any CPU
		{42F719ED-8413-4895-B5B4-5AB56079BC66}.Debug|Any CPU.ActiveCfg = Debug|Any CPU
		{42F719ED-8413-4895-B5B4-5AB56079BC66}.Debug|Any CPU.Build.0 = Debug|Any CPU
		{42F719ED-8413-4895-B5B4-5AB56079BC66}.Release|Any CPU.ActiveCfg = Release|Any CPU
		{42F719ED-8413-4895-B5B4-5AB56079BC66}.Release|Any CPU.Build.0 = Release|Any CPU
		{4164BDF7-F527-4E85-9CE6-E3C2D7426A27}.Debug|Any CPU.ActiveCfg = Debug|Any CPU
		{4164BDF7-F527-4E85-9CE6-E3C2D7426A27}.Debug|Any CPU.Build.0 = Debug|Any CPU
		{4164BDF7-F527-4E85-9CE6-E3C2D7426A27}.Release|Any CPU.ActiveCfg = Release|Any CPU
		{4164BDF7-F527-4E85-9CE6-E3C2D7426A27}.Release|Any CPU.Build.0 = Release|Any CPU
		{748584B1-BA69-4F6A-81AA-F4BDE6BCE29D}.Debug|Any CPU.ActiveCfg = Debug|Any CPU
		{748584B1-BA69-4F6A-81AA-F4BDE6BCE29D}.Debug|Any CPU.Build.0 = Debug|Any CPU
		{748584B1-BA69-4F6A-81AA-F4BDE6BCE29D}.Release|Any CPU.ActiveCfg = Release|Any CPU
		{748584B1-BA69-4F6A-81AA-F4BDE6BCE29D}.Release|Any CPU.Build.0 = Release|Any CPU
		{057F3376-AB3C-412B-9C60-FA8A5E90C797}.Debug|Any CPU.ActiveCfg = Debug|Any CPU
		{057F3376-AB3C-412B-9C60-FA8A5E90C797}.Debug|Any CPU.Build.0 = Debug|Any CPU
		{057F3376-AB3C-412B-9C60-FA8A5E90C797}.Release|Any CPU.ActiveCfg = Release|Any CPU
		{057F3376-AB3C-412B-9C60-FA8A5E90C797}.Release|Any CPU.Build.0 = Release|Any CPU
		{C4970820-88A5-41CD-96C0-8998B5CEC0CA}.Debug|Any CPU.ActiveCfg = Debug|Any CPU
		{C4970820-88A5-41CD-96C0-8998B5CEC0CA}.Debug|Any CPU.Build.0 = Debug|Any CPU
		{C4970820-88A5-41CD-96C0-8998B5CEC0CA}.Release|Any CPU.ActiveCfg = Release|Any CPU
		{C4970820-88A5-41CD-96C0-8998B5CEC0CA}.Release|Any CPU.Build.0 = Release|Any CPU
		{8A87ACFC-F78F-4A2F-A902-D0DA77429F7B}.Debug|Any CPU.ActiveCfg = Debug|Any CPU
		{8A87ACFC-F78F-4A2F-A902-D0DA77429F7B}.Debug|Any CPU.Build.0 = Debug|Any CPU
		{8A87ACFC-F78F-4A2F-A902-D0DA77429F7B}.Release|Any CPU.ActiveCfg = Release|Any CPU
		{8A87ACFC-F78F-4A2F-A902-D0DA77429F7B}.Release|Any CPU.Build.0 = Release|Any CPU
		{BA97A57C-E152-45CD-9042-E7629AD0DE27}.Debug|Any CPU.ActiveCfg = Debug|Any CPU
		{BA97A57C-E152-45CD-9042-E7629AD0DE27}.Debug|Any CPU.Build.0 = Debug|Any CPU
		{BA97A57C-E152-45CD-9042-E7629AD0DE27}.Release|Any CPU.ActiveCfg = Release|Any CPU
		{BA97A57C-E152-45CD-9042-E7629AD0DE27}.Release|Any CPU.Build.0 = Release|Any CPU
		{4C116DB0-703F-4DBD-B5E3-F1DACAA5A634}.Debug|Any CPU.ActiveCfg = Debug|Any CPU
		{4C116DB0-703F-4DBD-B5E3-F1DACAA5A634}.Debug|Any CPU.Build.0 = Debug|Any CPU
		{4C116DB0-703F-4DBD-B5E3-F1DACAA5A634}.Release|Any CPU.ActiveCfg = Release|Any CPU
		{4C116DB0-703F-4DBD-B5E3-F1DACAA5A634}.Release|Any CPU.Build.0 = Release|Any CPU
		{298F018B-3884-45BC-937A-C3F0B85D4A21}.Debug|Any CPU.ActiveCfg = Debug|Any CPU
		{298F018B-3884-45BC-937A-C3F0B85D4A21}.Debug|Any CPU.Build.0 = Debug|Any CPU
		{298F018B-3884-45BC-937A-C3F0B85D4A21}.Release|Any CPU.ActiveCfg = Release|Any CPU
		{298F018B-3884-45BC-937A-C3F0B85D4A21}.Release|Any CPU.Build.0 = Release|Any CPU
		{77DA47A6-AFBA-4382-BB73-BE180523188F}.Debug|Any CPU.ActiveCfg = Debug|Any CPU
		{77DA47A6-AFBA-4382-BB73-BE180523188F}.Debug|Any CPU.Build.0 = Debug|Any CPU
		{77DA47A6-AFBA-4382-BB73-BE180523188F}.Release|Any CPU.ActiveCfg = Release|Any CPU
		{77DA47A6-AFBA-4382-BB73-BE180523188F}.Release|Any CPU.Build.0 = Release|Any CPU
	EndGlobalSection
	GlobalSection(SolutionProperties) = preSolution
		HideSolutionNode = FALSE
	EndGlobalSection
	GlobalSection(NestedProjects) = preSolution
		{554AD327-6DBA-4F8F-96F8-81CE7A0C863F} = {CA9AC87F-097E-4F15-8393-4BC07735A5B0}
		{1A94A50E-06DC-43C1-80B5-B662820EC3EB} = {CA9AC87F-097E-4F15-8393-4BC07735A5B0}
		{C956DD76-69C8-4A9C-83EA-D17DF83340FD} = {CA9AC87F-097E-4F15-8393-4BC07735A5B0}
		{0372FA84-C517-4EB3-9A9F-B9ACAC0CA5E0} = {CA9AC87F-097E-4F15-8393-4BC07735A5B0}
		{42F719ED-8413-4895-B5B4-5AB56079BC66} = {CA9AC87F-097E-4F15-8393-4BC07735A5B0}
		{4164BDF7-F527-4E85-9CE6-E3C2D7426A27} = {CA9AC87F-097E-4F15-8393-4BC07735A5B0}
		{748584B1-BA69-4F6A-81AA-F4BDE6BCE29D} = {CA9AC87F-097E-4F15-8393-4BC07735A5B0}
		{057F3376-AB3C-412B-9C60-FA8A5E90C797} = {CA9AC87F-097E-4F15-8393-4BC07735A5B0}
		{C4970820-88A5-41CD-96C0-8998B5CEC0CA} = {CA9AC87F-097E-4F15-8393-4BC07735A5B0}
		{8A87ACFC-F78F-4A2F-A902-D0DA77429F7B} = {CA9AC87F-097E-4F15-8393-4BC07735A5B0}
		{BA97A57C-E152-45CD-9042-E7629AD0DE27} = {CA9AC87F-097E-4F15-8393-4BC07735A5B0}
		{4C116DB0-703F-4DBD-B5E3-F1DACAA5A634} = {CA9AC87F-097E-4F15-8393-4BC07735A5B0}
		{298F018B-3884-45BC-937A-C3F0B85D4A21} = {CA9AC87F-097E-4F15-8393-4BC07735A5B0}
		{77DA47A6-AFBA-4382-BB73-BE180523188F} = {CA9AC87F-097E-4F15-8393-4BC07735A5B0}
	EndGlobalSection
	GlobalSection(ExtensibilityGlobals) = postSolution
		SolutionGuid = {28315BFD-90E7-4E14-A2EA-F3D23AF4126F}
	EndGlobalSection
EndGlobal
